{
  "name": "@ljdy.test/doubleline",
  "version": "0.0.2",
  "lockfileVersion": 1,
  "requires": true,
  "dependencies": {
    "bcore": {
      "version": "0.0.18",
      "resolved": "https://registry.npm.taobao.org/bcore/download/bcore-0.0.18.tgz",
      "integrity": "sha1-UpF416UvaoAexK4pKLFLMTGYRC4="
    },
    "echarts": {
      "version": "5.0.0",
      "resolved": "https://registry.npm.taobao.org/echarts/download/echarts-5.0.0.tgz",
      "integrity": "sha1-ZuwOpH48k7Kq37stcZhpkyrRPOA=",
      "requires": {
        "tslib": "1.10.0",
        "zrender": "5.0.1"
      }
    },
    "jquery": {
      "version": "2.1.4",
      "resolved": "https://registry.npm.taobao.org/jquery/download/jquery-2.1.4.tgz",
      "integrity": "sha1-IoveaYoMYUMdwmMKahVPFYkNIxc="
    },
    "lodash": {
      "version": "4.6.1",
      "resolved": "https://registry.npm.taobao.org/lodash/download/lodash-4.6.1.tgz",
      "integrity": "sha1-3wDBFkrSNrGDz8OIel6NOMxjy7w="
    },
    "tslib": {
      "version": "1.10.0",
      "resolved": "https://registry.npm.taobao.org/tslib/download/tslib-1.10.0.tgz",
      "integrity": "sha1-w8GflZc/sKYpc/sJ2Q2WHuQ+XIo="
    },
    "zrender": {
      "version": "5.0.1",
      "resolved": "https://registry.npm.taobao.org/zrender/download/zrender-5.0.1.tgz?cache=0&sync_timestamp=1605884134992&other_urls=https%3A%2F%2Fregistry.npm.taobao.org%2Fzrender%2Fdownload%2Fzrender-5.0.1.tgz",
      "integrity": "sha1-zDdxNqnQDQoXfKf2XDKu0pAZKNo=",
      "requires": {
        "tslib": "1.10.0"
      }
    }
  }
}
